// !$*UTF8*$!
{
	archiveVersion = 1;
	classes = {
	};
	objectVersion = 46;
	objects = {

/* Begin PBXBuildFile section */
		C40D8BB71AE1914600BA3B81 /* beep.mp3 in Resources */ = {isa = PBXBuildFile; fileRef = C40D8BB61AE1914600BA3B81 /* beep.mp3 */; };
		C4CD9C211AE024AE00035711 /* AppDelegate.swift in Sources */ = {isa = PBXBuildFile; fileRef = C4CD9C201AE024AE00035711 /* AppDelegate.swift */; };
		C4CD9C231AE024AE00035711 /* ViewController.swift in Sources */ = {isa = PBXBuildFile; fileRef = C4CD9C221AE024AE00035711 /* ViewController.swift */; };
		C4CD9C261AE024AE00035711 /* Main.storyboard in Resources */ = {isa = PBXBuildFile; fileRef = C4CD9C241AE024AE00035711 /* Main.storyboard */; };
		C4CD9C281AE024AE00035711 /* Images.xcassets in Resources */ = {isa = PBXBuildFile; fileRef = C4CD9C271AE024AE00035711 /* Images.xcassets */; };
		C4CD9C2B1AE024AE00035711 /* LaunchScreen.xib in Resources */ = {isa = PBXBuildFile; fileRef = C4CD9C291AE024AE00035711 /* LaunchScreen.xib */; };
		C4CD9C371AE024AE00035711 /* SpeedCameraLocatorTests.swift in Sources */ = {isa = PBXBuildFile; fileRef = C4CD9C361AE024AE00035711 /* SpeedCameraLocatorTests.swift */; };
		D97E5C4CC6DF8BDD906399E3 /* libPods-SpeedCameraLocator.a in Frameworks */ = {isa = PBXBuildFile; fileRef = 304B2B62000439C480FA59CB /* libPods-SpeedCameraLocator.a */; };
/* End PBXBuildFile section */

/* Begin PBXContainerItemProxy section */
		C4CD9C311AE024AE00035711 /* PBXContainerItemProxy */ = {
			isa = PBXContainerItemProxy;
			containerPortal = C4CD9C131AE024AE00035711 /* Project object */;
			proxyType = 1;
			remoteGlobalIDString = C4CD9C1A1AE024AE00035711;
			remoteInfo = SpeedCameraLocator;
		};
/* End PBXContainerItemProxy section */

/* Begin PBXFileReference section */
		24B1FE3F491D9810A04310CB /* Pods-SpeedCameraLocator.release.xcconfig */ = {isa = PBXFileReference; includeInIndex = 1; lastKnownFileType = text.xcconfig; name = "Pods-SpeedCameraLocator.release.xcconfig"; path = "Pods/Target Support Files/Pods-SpeedCameraLocator/Pods-SpeedCameraLocator.release.xcconfig"; sourceTree = "<group>"; };
		304B2B62000439C480FA59CB /* libPods-SpeedCameraLocator.a */ = {isa = PBXFileReference; explicitFileType = archive.ar; includeInIndex = 0; path = "libPods-SpeedCameraLocator.a"; sourceTree = BUILT_PRODUCTS_DIR; };
		C40D8BB61AE1914600BA3B81 /* beep.mp3 */ = {isa = PBXFileReference; lastKnownFileType = audio.mp3; path = beep.mp3; sourceTree = "<group>"; };
		C43E78A91AE02CB8009BEA67 /* SpeedCameraLocator-Bridging-Header.h */ = {isa = PBXFileReference; lastKnownFileType = sourcecode.c.h; path = "SpeedCameraLocator-Bridging-Header.h"; sourceTree = "<group>"; };
		C4CD9C1B1AE024AE00035711 /* SpeedCameraLocator.app */ = {isa = PBXFileReference; explicitFileType = wrapper.application; includeInIndex = 0; path = SpeedCameraLocator.app; sourceTree = BUILT_PRODUCTS_DIR; };
		C4CD9C1F1AE024AE00035711 /* Info.plist */ = {isa = PBXFileReference; lastKnownFileType = text.plist.xml; path = Info.plist; sourceTree = "<group>"; };
		C4CD9C201AE024AE00035711 /* AppDelegate.swift */ = {isa = PBXFileReference; lastKnownFileType = sourcecode.swift; path = AppDelegate.swift; sourceTree = "<group>"; };
		C4CD9C221AE024AE00035711 /* ViewController.swift */ = {isa = PBXFileReference; lastKnownFileType = sourcecode.swift; path = ViewController.swift; sourceTree = "<group>"; };
		C4CD9C251AE024AE00035711 /* Base */ = {isa = PBXFileReference; lastKnownFileType = file.storyboard; name = Base; path = Base.lproj/Main.storyboard; sourceTree = "<group>"; };
		C4CD9C271AE024AE00035711 /* Images.xcassets */ = {isa = PBXFileReference; lastKnownFileType = folder.assetcatalog; path = Images.xcassets; sourceTree = "<group>"; };
		C4CD9C2A1AE024AE00035711 /* Base */ = {isa = PBXFileReference; lastKnownFileType = file.xib; name = Base; path = Base.lproj/LaunchScreen.xib; sourceTree = "<group>"; };
		C4CD9C301AE024AE00035711 /* SpeedCameraLocatorTests.xctest */ = {isa = PBXFileReference; explicitFileType = wrapper.cfbundle; includeInIndex = 0; path = SpeedCameraLocatorTests.xctest; sourceTree = BUILT_PRODUCTS_DIR; };
		C4CD9C351AE024AE00035711 /* Info.plist */ = {isa = PBXFileReference; lastKnownFileType = text.plist.xml; path = Info.plist; sourceTree = "<group>"; };
		C4CD9C361AE024AE00035711 /* SpeedCameraLocatorTests.swift */ = {isa = PBXFileReference; lastKnownFileType = sourcecode.swift; path = SpeedCameraLocatorTests.swift; sourceTree = "<group>"; };
		F41E8C5881B02DD8F0D3F7A3 /* Pods-SpeedCameraLocator.debug.xcconfig */ = {isa = PBXFileReference; includeInIndex = 1; lastKnownFileType = text.xcconfig; name = "Pods-SpeedCameraLocator.debug.xcconfig"; path = "Pods/Target Support Files/Pods-SpeedCameraLocator/Pods-SpeedCameraLocator.debug.xcconfig"; sourceTree = "<group>"; };
/* End PBXFileReference section */

/* Begin PBXFrameworksBuildPhase section */
		C4CD9C181AE024AE00035711 /* Frameworks */ = {
			isa = PBXFrameworksBuildPhase;
			buildActionMask = 2147483647;
			files = (
				D97E5C4CC6DF8BDD906399E3 /* libPods-SpeedCameraLocator.a in Frameworks */,
			);
			runOnlyForDeploymentPostprocessing = 0;
		};
		C4CD9C2D1AE024AE00035711 /* Frameworks */ = {
			isa = PBXFrameworksBuildPhase;
			buildActionMask = 2147483647;
			files = (
			);
			runOnlyForDeploymentPostprocessing = 0;
		};
/* End PBXFrameworksBuildPhase section */

/* Begin PBXGroup section */
		8CF6915713047E59BC3AEC56 /* Pods */ = {
			isa = PBXGroup;
			children = (
				F41E8C5881B02DD8F0D3F7A3 /* Pods-SpeedCameraLocator.debug.xcconfig */,
				24B1FE3F491D9810A04310CB /* Pods-SpeedCameraLocator.release.xcconfig */,
			);
			name = Pods;
			sourceTree = "<group>";
		};
		C4CD9C121AE024AE00035711 = {
			isa = PBXGroup;
			children = (
				C4CD9C1D1AE024AE00035711 /* SpeedCameraLocator */,
				C4CD9C331AE024AE00035711 /* SpeedCameraLocatorTests */,
				C4CD9C1C1AE024AE00035711 /* Products */,
				8CF6915713047E59BC3AEC56 /* Pods */,
				E144B95A6AF8E406CFE1CB3C /* Frameworks */,
			);
			sourceTree = "<group>";
		};
		C4CD9C1C1AE024AE00035711 /* Products */ = {
			isa = PBXGroup;
			children = (
				C4CD9C1B1AE024AE00035711 /* SpeedCameraLocator.app */,
				C4CD9C301AE024AE00035711 /* SpeedCameraLocatorTests.xctest */,
			);
			name = Products;
			sourceTree = "<group>";
		};
		C4CD9C1D1AE024AE00035711 /* SpeedCameraLocator */ = {
			isa = PBXGroup;
			children = (
				C40D8BB61AE1914600BA3B81 /* beep.mp3 */,
				C4CD9C201AE024AE00035711 /* AppDelegate.swift */,
				C4CD9C221AE024AE00035711 /* ViewController.swift */,
				C4CD9C241AE024AE00035711 /* Main.storyboard */,
				C4CD9C271AE024AE00035711 /* Images.xcassets */,
				C4CD9C291AE024AE00035711 /* LaunchScreen.xib */,
				C4CD9C1E1AE024AE00035711 /* Supporting Files */,
				C43E78A91AE02CB8009BEA67 /* SpeedCameraLocator-Bridging-Header.h */,
			);
			path = SpeedCameraLocator;
			sourceTree = "<group>";
		};
		C4CD9C1E1AE024AE00035711 /* Supporting Files */ = {
			isa = PBXGroup;
			children = (
				C4CD9C1F1AE024AE00035711 /* Info.plist */,
			);
			name = "Supporting Files";
			sourceTree = "<group>";
		};
		C4CD9C331AE024AE00035711 /* SpeedCameraLocatorTests */ = {
			isa = PBXGroup;
			children = (
				C4CD9C361AE024AE00035711 /* SpeedCameraLocatorTests.swift */,
				C4CD9C341AE024AE00035711 /* Supporting Files */,
			);
			path = SpeedCameraLocatorTests;
			sourceTree = "<group>";
		};
		C4CD9C341AE024AE00035711 /* Supporting Files */ = {
			isa = PBXGroup;
			children = (
				C4CD9C351AE024AE00035711 /* Info.plist */,
			);
			name = "Supporting Files";
			sourceTree = "<group>";
		};
		E144B95A6AF8E406CFE1CB3C /* Frameworks */ = {
			isa = PBXGroup;
			children = (
				304B2B62000439C480FA59CB /* libPods-SpeedCameraLocator.a */,
			);
			name = Frameworks;
			sourceTree = "<group>";
		};
/* End PBXGroup section */

/* Begin PBXNativeTarget section */
		C4CD9C1A1AE024AE00035711 /* SpeedCameraLocator */ = {
			isa = PBXNativeTarget;
			buildConfigurationList = C4CD9C3A1AE024AE00035711 /* Build configuration list for PBXNativeTarget "SpeedCameraLocator" */;
			buildPhases = (
				340929FB97041B979B362C83 /* Check Pods Manifest.lock */,
				C4CD9C171AE024AE00035711 /* Sources */,
				C4CD9C181AE024AE00035711 /* Frameworks */,
				C4CD9C191AE024AE00035711 /* Resources */,
				F2BE2BA3798463DDBBD31084 /* Copy Pods Resources */,
			);
			buildRules = (
			);
			dependencies = (
			);
			name = SpeedCameraLocator;
			productName = SpeedCameraLocator;
			productReference = C4CD9C1B1AE024AE00035711 /* SpeedCameraLocator.app */;
			productType = "com.apple.product-type.application";
		};
		C4CD9C2F1AE024AE00035711 /* SpeedCameraLocatorTests */ = {
			isa = PBXNativeTarget;
			buildConfigurationList = C4CD9C3D1AE024AE00035711 /* Build configuration list for PBXNativeTarget "SpeedCameraLocatorTests" */;
			buildPhases = (
				C4CD9C2C1AE024AE00035711 /* Sources */,
				C4CD9C2D1AE024AE00035711 /* Frameworks */,
				C4CD9C2E1AE024AE00035711 /* Resources */,
			);
			buildRules = (
			);
			dependencies = (
				C4CD9C321AE024AE00035711 /* PBXTargetDependency */,
			);
			name = SpeedCameraLocatorTests;
			productName = SpeedCameraLocatorTests;
			productReference = C4CD9C301AE024AE00035711 /* SpeedCameraLocatorTests.xctest */;
			productType = "com.apple.product-type.bundle.unit-test";
		};
/* End PBXNativeTarget section */

/* Begin PBXProject section */
		C4CD9C131AE024AE00035711 /* Project object */ = {
			isa = PBXProject;
			attributes = {
				LastUpgradeCheck = 0620;
				ORGANIZATIONNAME = rauluranga;
				TargetAttributes = {
					C4CD9C1A1AE024AE00035711 = {
						CreatedOnToolsVersion = 6.2;
					};
					C4CD9C2F1AE024AE00035711 = {
						CreatedOnToolsVersion = 6.2;
						TestTargetID = C4CD9C1A1AE024AE00035711;
					};
				};
			};
			buildConfigurationList = C4CD9C161AE024AE00035711 /* Build configuration list for PBXProject "SpeedCameraLocator" */;
			compatibilityVersion = "Xcode 3.2";
			developmentRegion = English;
			hasScannedForEncodings = 0;
			knownRegions = (
				en,
				Base,
			);
			mainGroup = C4CD9C121AE024AE00035711;
			productRefGroup = C4CD9C1C1AE024AE00035711 /* Products */;
			projectDirPath = "";
			projectRoot = "";
			targets = (
				C4CD9C1A1AE024AE00035711 /* SpeedCameraLocator */,
				C4CD9C2F1AE024AE00035711 /* SpeedCameraLocatorTests */,
			);
		};
/* End PBXProject section */

/* Begin PBXResourcesBuildPhase section */
		C4CD9C191AE024AE00035711 /* Resources */ = {
			isa = PBXResourcesBuildPhase;
			buildActionMask = 2147483647;
			files = (
				C4CD9C261AE024AE00035711 /* Main.storyboard in Resources */,
				C4CD9C2B1AE024AE00035711 /* LaunchScreen.xib in Resources */,
				C40D8BB71AE1914600BA3B81 /* beep.mp3 in Resources */,
				C4CD9C281AE024AE00035711 /* Images.xcassets in Resources */,
			);
			runOnlyForDeploymentPostprocessing = 0;
		};
		C4CD9C2E1AE024AE00035711 /* Resources */ = {
			isa = PBXResourcesBuildPhase;
			buildActionMask = 2147483647;
			files = (
			);
			runOnlyForDeploymentPostprocessing = 0;
		};
/* End PBXResourcesBuildPhase section */

/* Begin PBXShellScriptBuildPhase section */
		340929FB97041B979B362C83 /* Check Pods Manifest.lock */ = {
			isa = PBXShellScriptBuildPhase;
			buildActionMask = 2147483647;
			files = (
			);
			inputPaths = (
			);
			name = "Check Pods Manifest.lock";
			outputPaths = (
			);
			runOnlyForDeploymentPostprocessing = 0;
			shellPath = /bin/sh;
			shellScript = "diff \"${PODS_ROOT}/../Podfile.lock\" \"${PODS_ROOT}/Manifest.lock\" > /dev/null\nif [[ $? != 0 ]] ; then\n    cat << EOM\nerror: The sandbox is not in sync with the Podfile.lock. Run 'pod install' or update your CocoaPods installation.\nEOM\n    exit 1\nfi\n";
			showEnvVarsInLog = 0;
		};
		F2BE2BA3798463DDBBD31084 /* Copy Pods Resources */ = {
			isa = PBXShellScriptBuildPhase;
			buildActionMask = 2147483647;
			files = (
			);
			inputPaths = (
			);
			name = "Copy Pods Resources";
			outputPaths = (
			);
			runOnlyForDeploymentPostprocessing = 0;
			shellPath = /bin/sh;
			shellScript = "\"${SRCROOT}/Pods/Target Support Files/Pods-SpeedCameraLocator/Pods-SpeedCameraLocator-resources.sh\"\n";
			showEnvVarsInLog = 0;
		};
/* End PBXShellScriptBuildPhase section */

/* Begin PBXSourcesBuildPhase section */
		C4CD9C171AE024AE00035711 /* Sources */ = {
			isa = PBXSourcesBuildPhase;
			buildActionMask = 2147483647;
			files = (
				C4CD9C231AE024AE00035711 /* ViewController.swift in Sources */,
				C4CD9C211AE024AE00035711 /* AppDelegate.swift in Sources */,
			);
			runOnlyForDeploymentPostprocessing = 0;
		};
		C4CD9C2C1AE024AE00035711 /* Sources */ = {
			isa = PBXSourcesBuildPhase;
			buildActionMask = 2147483647;
			files = (
				C4CD9C371AE024AE00035711 /* SpeedCameraLocatorTests.swift in Sources */,
			);
			runOnlyForDeploymentPostprocessing = 0;
		};
/* End PBXSourcesBuildPhase section */

/* Begin PBXTargetDependency section */
		C4CD9C321AE024AE00035711 /* PBXTargetDependency */ = {
			isa = PBXTargetDependency;
			target = C4CD9C1A1AE024AE00035711 /* SpeedCameraLocator */;
			targetProxy = C4CD9C311AE024AE00035711 /* PBXContainerItemProxy */;
		};
/* End PBXTargetDependency section */

/* Begin PBXVariantGroup section */
		C4CD9C241AE024AE00035711 /* Main.storyboard */ = {
			isa = PBXVariantGroup;
			children = (
				C4CD9C251AE024AE00035711 /* Base */,
			);
			name = Main.storyboard;
			sourceTree = "<group>";
		};
		C4CD9C291AE024AE00035711 /* LaunchScreen.xib */ = {
			isa = PBXVariantGroup;
			children = (
				C4CD9C2A1AE024AE00035711 /* Base */,
			);
			name = LaunchScreen.xib;
			sourceTree = "<group>";
		};
/* End PBXVariantGroup section */

/* Begin XCBuildConfiguration section */
		C4CD9C381AE024AE00035711 /* Debug */ = {
			isa = XCBuildConfiguration;
			buildSettings = {
				ALWAYS_SEARCH_USER_PATHS = NO;
				CLANG_CXX_LANGUAGE_STANDARD = "gnu++0x";
				CLANG_CXX_LIBRARY = "libc++";
				CLANG_ENABLE_MODULES = YES;
				CLANG_ENABLE_OBJC_ARC = YES;
				CLANG_WARN_BOOL_CONVERSION = YES;
				CLANG_WARN_CONSTANT_CONVERSION = YES;
				CLANG_WARN_DIRECT_OBJC_ISA_USAGE = YES_ERROR;
				CLANG_WARN_EMPTY_BODY = YES;
				CLANG_WARN_ENUM_CONVERSION = YES;
				CLANG_WARN_INT_CONVERSION = YES;
				CLANG_WARN_OBJC_ROOT_CLASS = YES_ERROR;
				CLANG_WARN_UNREACHABLE_CODE = YES;
				CLANG_WARN__DUPLICATE_METHOD_MATCH = YES;
				"CODE_SIGN_IDENTITY[sdk=iphoneos*]" = "iPhone Developer";
				COPY_PHASE_STRIP = NO;
				ENABLE_STRICT_OBJC_MSGSEND = YES;
				GCC_C_LANGUAGE_STANDARD = gnu99;
				GCC_DYNAMIC_NO_PIC = NO;
				GCC_OPTIMIZATION_LEVEL = 0;
				GCC_PREPROCESSOR_DEFINITIONS = (
					"DEBUG=1",
					"$(inherited)",
				);
				GCC_SYMBOLS_PRIVATE_EXTERN = NO;
				GCC_WARN_64_TO_32_BIT_CONVERSION = YES;
				GCC_WARN_ABOUT_RETURN_TYPE = YES_ERROR;
				GCC_WARN_UNDECLARED_SELECTOR = YES;
				GCC_WARN_UNINITIALIZED_AUTOS = YES_AGGRESSIVE;
				GCC_WARN_UNUSED_FUNCTION = YES;
				GCC_WARN_UNUSED_VARIABLE = YES;
				IPHONEOS_DEPLOYMENT_TARGET = 8.2;
				MTL_ENABLE_DEBUG_INFO = YES;
				ONLY_ACTIVE_ARCH = YES;
				SDKROOT = iphoneos;
				SWIFT_OPTIMIZATION_LEVEL = "-Onone";
			};
			name = Debug;
		};
		C4CD9C391AE024AE00035711 /* Release */ = {
			isa = XCBuildConfiguration;
			buildSettings = {
				ALWAYS_SEARCH_USER_PATHS = NO;
				CLANG_CXX_LANGUAGE_STANDARD = "gnu++0x";
				CLANG_CXX_LIBRARY = "libc++";
				CLANG_ENABLE_MODULES = YES;
				CLANG_ENABLE_OBJC_ARC = YES;
				CLANG_WARN_BOOL_CONVERSION = YES;
				CLANG_WARN_CONSTANT_CONVERSION = YES;
				CLANG_WARN_DIRECT_OBJC_ISA_USAGE = YES_ERROR;
				CLANG_WARN_EMPTY_BODY = YES;
				CLANG_WARN_ENUM_CONVERSION = YES;
				CLANG_WARN_INT_CONVERSION = YES;
				CLANG_WARN_OBJC_ROOT_CLASS = YES_ERROR;
				CLANG_WARN_UNREACHABLE_CODE = YES;
				CLANG_WARN__DUPLICATE_METHOD_MATCH = YES;
				"CODE_SIGN_IDENTITY[sdk=iphoneos*]" = "iPhone Developer";
				COPY_PHASE_STRIP = NO;
				ENABLE_NS_ASSERTIONS = NO;
				ENABLE_STRICT_OBJC_MSGSEND = YES;
				GCC_C_LANGUAGE_STANDARD = gnu99;
				GCC_WARN_64_TO_32_BIT_CONVERSION = YES;
				GCC_WARN_ABOUT_RETURN_TYPE = YES_ERROR;
				GCC_WARN_UNDECLARED_SELECTOR = YES;
				GCC_WARN_UNINITIALIZED_AUTOS = YES_AGGRESSIVE;
				GCC_WARN_UNUSED_FUNCTION = YES;
				GCC_WARN_UNUSED_VARIABLE = YES;
				IPHONEOS_DEPLOYMENT_TARGET = 8.2;
				MTL_ENABLE_DEBUG_INFO = NO;
				SDKROOT = iphoneos;
				VALIDATE_PRODUCT = YES;
			};
			name = Release;
		};
		C4CD9C3B1AE024AE00035711 /* Debug */ = {
			isa = XCBuildConfiguration;
			baseConfigurationReference = F41E8C5881B02DD8F0D3F7A3 /* Pods-SpeedCameraLocator.debug.xcconfig */;
			buildSettings = {
				ASSETCATALOG_COMPILER_APPICON_NAME = AppIcon;
				CLANG_ENABLE_MODULES = YES;
				INFOPLIST_FILE = SpeedCameraLocator/Info.plist;
				LD_RUNPATH_SEARCH_PATHS = "$(inherited) @executable_path/Frameworks";
				PRODUCT_NAME = "$(TARGET_NAME)";
				SWIFT_OBJC_BRIDGING_HEADER = "SpeedCameraLocator/SpeedCameraLocator-Bridging-Header.h";
				SWIFT_OPTIMIZATION_LEVEL = "-Onone";
			};
			name = Debug;
		};
		C4CD9C3C1AE024AE00035711 /* Release */ = {
			isa = XCBuildConfiguration;
			baseConfigurationReference = 24B1FE3F491D9810A04310CB /* Pods-SpeedCameraLocator.release.xcconfig */;
			buildSettings = {
				ASSETCATALOG_COMPILER_APPICON_NAME = AppIcon;
				CLANG_ENABLE_MODULES = YES;
				INFOPLIST_FILE = SpeedCameraLocator/Info.plist;
				LD_RUNPATH_SEARCH_PATHS = "$(inherited) @executable_path/Frameworks";
				PRODUCT_NAME = "$(TARGET_NAME)";
				SWIFT_OBJC_BRIDGING_HEADER = "SpeedCameraLocator/SpeedCameraLocator-Bridging-Header.h";
			};
			name = Release;
		};
		C4CD9C3E1AE024AE00035711 /* Debug */ = {
			isa = XCBuildConfiguration;
			buildSettings = {
				BUNDLE_LOADER = "$(TEST_HOST)";
				FRAMEWORK_SEARCH_PATHS = (
					"$(SDKROOT)/Developer/Library/Frameworks",
					"$(inherited)",
				);
				GCC_PREPROCESSOR_DEFINITIONS = (
					"DEBUG=1",
					"$(inherited)",
				);
				INFOPLIST_FILE = SpeedCameraLocatorTests/Info.plist;
				LD_RUNPATH_SEARCH_PATHS = "$(inherited) @executable_path/Frameworks @loader_path/Frameworks";
				PRODUCT_NAME = "$(TARGET_NAME)";
				TEST_HOST = "$(BUILT_PRODUCTS_DIR)/SpeedCameraLocator.app/SpeedCameraLocator";
			};
			name = Debug;
		};
		C4CD9C3F1AE024AE00035711 /* Release */ = {
			isa = XCBuildConfiguration;
			buildSettings = {
				BUNDLE_LOADER = "$(TEST_HOST)";
				FRAMEWORK_SEARCH_PATHS = (
					"$(SDKROOT)/Developer/Library/Frameworks",
					"$(inherited)",
				);
				INFOPLIST_FILE = SpeedCameraLocatorTests/Info.plist;
				LD_RUNPATH_SEARCH_PATHS = "$(inherited) @executable_path/Frameworks @loader_path/Frameworks";
				PRODUCT_NAME = "$(TARGET_NAME)";
				TEST_HOST = "$(BUILT_PRODUCTS_DIR)/SpeedCameraLocator.app/SpeedCameraLocator";
			};
			name = Release;
		};
/* End XCBuildConfiguration section */

/* Begin XCConfigurationList section */
		C4CD9C161AE024AE00035711 /* Build configuration list for PBXProject "SpeedCameraLocator" */ = {
			isa = XCConfigurationList;
			buildConfigurations = (
				C4CD9C381AE024AE00035711 /* Debug */,
				C4CD9C391AE024AE00035711 /* Release */,
			);
			defaultConfigurationIsVisible = 0;
			defaultConfigurationName = Release;
		};
		C4CD9C3A1AE024AE00035711 /* Build configuration list for PBXNativeTarget "SpeedCameraLocator" */ = {
			isa = XCConfigurationList;
			buildConfigurations = (
				C4CD9C3B1AE024AE00035711 /* Debug */,
				C4CD9C3C1AE024AE00035711 /* Release */,
			);
			defaultConfigurationIsVisible = 0;
			defaultConfigurationName = Release;
		};
		C4CD9C3D1AE024AE00035711 /* Build configuration list for PBXNativeTarget "SpeedCameraLocatorTests" */ = {
			isa = XCConfigurationList;
			buildConfigurations = (
				C4CD9C3E1AE024AE00035711 /* Debug */,
				C4CD9C3F1AE024AE00035711 /* Release */,
			);
			defaultConfigurationIsVisible = 0;
			defaultConfigurationName = Release;
		};
/* End XCConfigurationList section */
	};
	rootObject = C4CD9C131AE024AE00035711 /* Project object */;
}
